// !$*UTF8*$!
{
	archiveVersion = 1;
	classes = {
	};
	objectVersion = 55;
	objects = {

/* Begin PBXBuildFile section */
		A2949A4D287BF6EC005E7508 /* combinetaskApp.swift in Sources */ = {isa = PBXBuildFile; fileRef = A2949A4C287BF6EC005E7508 /* combinetaskApp.swift */; };
		A2949A4F287BF6EC005E7508 /* ContentView.swift in Sources */ = {isa = PBXBuildFile; fileRef = A2949A4E287BF6EC005E7508 /* ContentView.swift */; };
		A2949A51287BF6ED005E7508 /* Assets.xcassets in Resources */ = {isa = PBXBuildFile; fileRef = A2949A50287BF6ED005E7508 /* Assets.xcassets */; };
		A2949A54287BF6ED005E7508 /* Preview Assets.xcassets in Resources */ = {isa = PBXBuildFile; fileRef = A2949A53287BF6ED005E7508 /* Preview Assets.xcassets */; };
		A2949A5E287BF6ED005E7508 /* combinetaskTests.swift in Sources */ = {isa = PBXBuildFile; fileRef = A2949A5D287BF6ED005E7508 /* combinetaskTests.swift */; };
		A2949A68287BF6ED005E7508 /* combinetaskUITests.swift in Sources */ = {isa = PBXBuildFile; fileRef = A2949A67287BF6ED005E7508 /* combinetaskUITests.swift */; };
		A2949A6A287BF6ED005E7508 /* combinetaskUITestsLaunchTests.swift in Sources */ = {isa = PBXBuildFile; fileRef = A2949A69287BF6ED005E7508 /* combinetaskUITestsLaunchTests.swift */; };
		A2949A7A287BF722005E7508 /* SelectView.swift in Sources */ = {isa = PBXBuildFile; fileRef = A2949A79287BF722005E7508 /* SelectView.swift */; };
		A2949A7C287BF72E005E7508 /* MovieView.swift in Sources */ = {isa = PBXBuildFile; fileRef = A2949A7B287BF72E005E7508 /* MovieView.swift */; };
		A2949A7E287BF73B005E7508 /* ResultView.swift in Sources */ = {isa = PBXBuildFile; fileRef = A2949A7D287BF73B005E7508 /* ResultView.swift */; };
		A2949A80287BF755005E7508 /* ViewModel.swift in Sources */ = {isa = PBXBuildFile; fileRef = A2949A7F287BF755005E7508 /* ViewModel.swift */; };
		A2949A82287BF768005E7508 /* SoundPlayer.swift in Sources */ = {isa = PBXBuildFile; fileRef = A2949A81287BF768005E7508 /* SoundPlayer.swift */; };
		A2949A84287BF772005E7508 /* Model.swift in Sources */ = {isa = PBXBuildFile; fileRef = A2949A83287BF772005E7508 /* Model.swift */; };
		A2949A86287BF85E005E7508 /* omikujiMovie.mp4 in Resources */ = {isa = PBXBuildFile; fileRef = A2949A85287BF85E005E7508 /* omikujiMovie.mp4 */; };
/* End PBXBuildFile section */

/* Begin PBXContainerItemProxy section */
		A2949A5A287BF6ED005E7508 /* PBXContainerItemProxy */ = {
			isa = PBXContainerItemProxy;
			containerPortal = A2949A41287BF6EC005E7508 /* Project object */;
			proxyType = 1;
			remoteGlobalIDString = A2949A48287BF6EC005E7508;
			remoteInfo = combinetask;
		};
		A2949A64287BF6ED005E7508 /* PBXContainerItemProxy */ = {
			isa = PBXContainerItemProxy;
			containerPortal = A2949A41287BF6EC005E7508 /* Project object */;
			proxyType = 1;
			remoteGlobalIDString = A2949A48287BF6EC005E7508;
			remoteInfo = combinetask;
		};
/* End PBXContainerItemProxy section */

/* Begin PBXFileReference section */
		A2949A49287BF6EC005E7508 /* combinetask.app */ = {isa = PBXFileReference; explicitFileType = wrapper.application; includeInIndex = 0; path = combinetask.app; sourceTree = BUILT_PRODUCTS_DIR; };
		A2949A4C287BF6EC005E7508 /* combinetaskApp.swift */ = {isa = PBXFileReference; lastKnownFileType = sourcecode.swift; path = combinetaskApp.swift; sourceTree = "<group>"; };
		A2949A4E287BF6EC005E7508 /* ContentView.swift */ = {isa = PBXFileReference; lastKnownFileType = sourcecode.swift; path = ContentView.swift; sourceTree = "<group>"; };
		A2949A50287BF6ED005E7508 /* Assets.xcassets */ = {isa = PBXFileReference; lastKnownFileType = folder.assetcatalog; path = Assets.xcassets; sourceTree = "<group>"; };
		A2949A53287BF6ED005E7508 /* Preview Assets.xcassets */ = {isa = PBXFileReference; lastKnownFileType = folder.assetcatalog; path = "Preview Assets.xcassets"; sourceTree = "<group>"; };
		A2949A59287BF6ED005E7508 /* combinetaskTests.xctest */ = {isa = PBXFileReference; explicitFileType = wrapper.cfbundle; includeInIndex = 0; path = combinetaskTests.xctest; sourceTree = BUILT_PRODUCTS_DIR; };
		A2949A5D287BF6ED005E7508 /* combinetaskTests.swift */ = {isa = PBXFileReference; lastKnownFileType = sourcecode.swift; path = combinetaskTests.swift; sourceTree = "<group>"; };
		A2949A63287BF6ED005E7508 /* combinetaskUITests.xctest */ = {isa = PBXFileReference; explicitFileType = wrapper.cfbundle; includeInIndex = 0; path = combinetaskUITests.xctest; sourceTree = BUILT_PRODUCTS_DIR; };
		A2949A67287BF6ED005E7508 /* combinetaskUITests.swift */ = {isa = PBXFileReference; lastKnownFileType = sourcecode.swift; path = combinetaskUITests.swift; sourceTree = "<group>"; };
		A2949A69287BF6ED005E7508 /* combinetaskUITestsLaunchTests.swift */ = {isa = PBXFileReference; lastKnownFileType = sourcecode.swift; path = combinetaskUITestsLaunchTests.swift; sourceTree = "<group>"; };
		A2949A79287BF722005E7508 /* SelectView.swift */ = {isa = PBXFileReference; lastKnownFileType = sourcecode.swift; path = SelectView.swift; sourceTree = "<group>"; };
		A2949A7B287BF72E005E7508 /* MovieView.swift */ = {isa = PBXFileReference; lastKnownFileType = sourcecode.swift; path = MovieView.swift; sourceTree = "<group>"; };
		A2949A7D287BF73B005E7508 /* ResultView.swift */ = {isa = PBXFileReference; lastKnownFileType = sourcecode.swift; path = ResultView.swift; sourceTree = "<group>"; };
		A2949A7F287BF755005E7508 /* ViewModel.swift */ = {isa = PBXFileReference; lastKnownFileType = sourcecode.swift; path = ViewModel.swift; sourceTree = "<group>"; };
		A2949A81287BF768005E7508 /* SoundPlayer.swift */ = {isa = PBXFileReference; lastKnownFileType = sourcecode.swift; path = SoundPlayer.swift; sourceTree = "<group>"; };
		A2949A83287BF772005E7508 /* Model.swift */ = {isa = PBXFileReference; lastKnownFileType = sourcecode.swift; path = Model.swift; sourceTree = "<group>"; };
		A2949A85287BF85E005E7508 /* omikujiMovie.mp4 */ = {isa = PBXFileReference; lastKnownFileType = file; name = omikujiMovie.mp4; path = ../../../Desktop/omikujiMovie.mp4; sourceTree = "<group>"; };
/* End PBXFileReference section */

/* Begin PBXFrameworksBuildPhase section */
		A2949A46287BF6EC005E7508 /* Frameworks */ = {
			isa = PBXFrameworksBuildPhase;
			buildActionMask = 2147483647;
			files = (
			);
			runOnlyForDeploymentPostprocessing = 0;
		};
		A2949A56287BF6ED005E7508 /* Frameworks */ = {
			isa = PBXFrameworksBuildPhase;
			buildActionMask = 2147483647;
			files = (
			);
			runOnlyForDeploymentPostprocessing = 0;
		};
		A2949A60287BF6ED005E7508 /* Frameworks */ = {
			isa = PBXFrameworksBuildPhase;
			buildActionMask = 2147483647;
			files = (
			);
			runOnlyForDeploymentPostprocessing = 0;
		};
/* End PBXFrameworksBuildPhase section */

/* Begin PBXGroup section */
		A2949A40287BF6EC005E7508 = {
			isa = PBXGroup;
			children = (
				A2949A85287BF85E005E7508 /* omikujiMovie.mp4 */,
				A2949A4B287BF6EC005E7508 /* combinetask */,
				A2949A5C287BF6ED005E7508 /* combinetaskTests */,
				A2949A66287BF6ED005E7508 /* combinetaskUITests */,
				A2949A4A287BF6EC005E7508 /* Products */,
			);
			sourceTree = "<group>";
		};
		A2949A4A287BF6EC005E7508 /* Products */ = {
			isa = PBXGroup;
			children = (
				A2949A49287BF6EC005E7508 /* combinetask.app */,
				A2949A59287BF6ED005E7508 /* combinetaskTests.xctest */,
				A2949A63287BF6ED005E7508 /* combinetaskUITests.xctest */,
			);
			name = Products;
			sourceTree = "<group>";
		};
		A2949A4B287BF6EC005E7508 /* combinetask */ = {
			isa = PBXGroup;
			children = (
				A2949A4C287BF6EC005E7508 /* combinetaskApp.swift */,
				A2949A4E287BF6EC005E7508 /* ContentView.swift */,
				A2949A78287BF708005E7508 /* View */,
				A2949A77287BF705005E7508 /* ViewModel */,
				A2949A76287BF702005E7508 /* Model */,
				A2949A50287BF6ED005E7508 /* Assets.xcassets */,
				A2949A52287BF6ED005E7508 /* Preview Content */,
			);
			path = combinetask;
			sourceTree = "<group>";
		};
		A2949A52287BF6ED005E7508 /* Preview Content */ = {
			isa = PBXGroup;
			children = (
				A2949A53287BF6ED005E7508 /* Preview Assets.xcassets */,
			);
			path = "Preview Content";
			sourceTree = "<group>";
		};
		A2949A5C287BF6ED005E7508 /* combinetaskTests */ = {
			isa = PBXGroup;
			children = (
				A2949A5D287BF6ED005E7508 /* combinetaskTests.swift */,
			);
			path = combinetaskTests;
			sourceTree = "<group>";
		};
		A2949A66287BF6ED005E7508 /* combinetaskUITests */ = {
			isa = PBXGroup;
			children = (
				A2949A67287BF6ED005E7508 /* combinetaskUITests.swift */,
				A2949A69287BF6ED005E7508 /* combinetaskUITestsLaunchTests.swift */,
			);
			path = combinetaskUITests;
			sourceTree = "<group>";
		};
		A2949A76287BF702005E7508 /* Model */ = {
			isa = PBXGroup;
			children = (
				A2949A81287BF768005E7508 /* SoundPlayer.swift */,
				A2949A83287BF772005E7508 /* Model.swift */,
			);
			path = Model;
			sourceTree = "<group>";
		};
		A2949A77287BF705005E7508 /* ViewModel */ = {
			isa = PBXGroup;
			children = (
				A2949A7F287BF755005E7508 /* ViewModel.swift */,
			);
			path = ViewModel;
			sourceTree = "<group>";
		};
		A2949A78287BF708005E7508 /* View */ = {
			isa = PBXGroup;
			children = (
				A2949A79287BF722005E7508 /* SelectView.swift */,
				A2949A7B287BF72E005E7508 /* MovieView.swift */,
				A2949A7D287BF73B005E7508 /* ResultView.swift */,
			);
			path = View;
			sourceTree = "<group>";
		};
/* End PBXGroup section */

/* Begin PBXNativeTarget section */
		A2949A48287BF6EC005E7508 /* combinetask */ = {
			isa = PBXNativeTarget;
			buildConfigurationList = A2949A6D287BF6ED005E7508 /* Build configuration list for PBXNativeTarget "combinetask" */;
			buildPhases = (
				A2949A45287BF6EC005E7508 /* Sources */,
				A2949A46287BF6EC005E7508 /* Frameworks */,
				A2949A47287BF6EC005E7508 /* Resources */,
			);
			buildRules = (
			);
			dependencies = (
			);
			name = combinetask;
			productName = combinetask;
			productReference = A2949A49287BF6EC005E7508 /* combinetask.app */;
			productType = "com.apple.product-type.application";
		};
		A2949A58287BF6ED005E7508 /* combinetaskTests */ = {
			isa = PBXNativeTarget;
			buildConfigurationList = A2949A70287BF6ED005E7508 /* Build configuration list for PBXNativeTarget "combinetaskTests" */;
			buildPhases = (
				A2949A55287BF6ED005E7508 /* Sources */,
				A2949A56287BF6ED005E7508 /* Frameworks */,
				A2949A57287BF6ED005E7508 /* Resources */,
			);
			buildRules = (
			);
			dependencies = (
				A2949A5B287BF6ED005E7508 /* PBXTargetDependency */,
			);
			name = combinetaskTests;
			productName = combinetaskTests;
			productReference = A2949A59287BF6ED005E7508 /* combinetaskTests.xctest */;
			productType = "com.apple.product-type.bundle.unit-test";
		};
		A2949A62287BF6ED005E7508 /* combinetaskUITests */ = {
			isa = PBXNativeTarget;
			buildConfigurationList = A2949A73287BF6ED005E7508 /* Build configuration list for PBXNativeTarget "combinetaskUITests" */;
			buildPhases = (
				A2949A5F287BF6ED005E7508 /* Sources */,
				A2949A60287BF6ED005E7508 /* Frameworks */,
				A2949A61287BF6ED005E7508 /* Resources */,
			);
			buildRules = (
			);
			dependencies = (
				A2949A65287BF6ED005E7508 /* PBXTargetDependency */,
			);
			name = combinetaskUITests;
			productName = combinetaskUITests;
			productReference = A2949A63287BF6ED005E7508 /* combinetaskUITests.xctest */;
			productType = "com.apple.product-type.bundle.ui-testing";
		};
/* End PBXNativeTarget section */

/* Begin PBXProject section */
		A2949A41287BF6EC005E7508 /* Project object */ = {
			isa = PBXProject;
			attributes = {
				BuildIndependentTargetsInParallel = 1;
				LastSwiftUpdateCheck = 1330;
				LastUpgradeCheck = 1330;
				TargetAttributes = {
					A2949A48287BF6EC005E7508 = {
						CreatedOnToolsVersion = 13.3;
					};
					A2949A58287BF6ED005E7508 = {
						CreatedOnToolsVersion = 13.3;
						TestTargetID = A2949A48287BF6EC005E7508;
					};
					A2949A62287BF6ED005E7508 = {
						CreatedOnToolsVersion = 13.3;
						TestTargetID = A2949A48287BF6EC005E7508;
					};
				};
			};
			buildConfigurationList = A2949A44287BF6EC005E7508 /* Build configuration list for PBXProject "combinetask" */;
			compatibilityVersion = "Xcode 13.0";
			developmentRegion = en;
			hasScannedForEncodings = 0;
			knownRegions = (
				en,
				Base,
			);
			mainGroup = A2949A40287BF6EC005E7508;
			productRefGroup = A2949A4A287BF6EC005E7508 /* Products */;
			projectDirPath = "";
			projectRoot = "";
			targets = (
				A2949A48287BF6EC005E7508 /* combinetask */,
				A2949A58287BF6ED005E7508 /* combinetaskTests */,
				A2949A62287BF6ED005E7508 /* combinetaskUITests */,
			);
		};
/* End PBXProject section */

/* Begin PBXResourcesBuildPhase section */
		A2949A47287BF6EC005E7508 /* Resources */ = {
			isa = PBXResourcesBuildPhase;
			buildActionMask = 2147483647;
			files = (
				A2949A86287BF85E005E7508 /* omikujiMovie.mp4 in Resources */,
				A2949A54287BF6ED005E7508 /* Preview Assets.xcassets in Resources */,
				A2949A51287BF6ED005E7508 /* Assets.xcassets in Resources */,
			);
			runOnlyForDeploymentPostprocessing = 0;
		};
		A2949A57287BF6ED005E7508 /* Resources */ = {
			isa = PBXResourcesBuildPhase;
			buildActionMask = 2147483647;
			files = (
			);
			runOnlyForDeploymentPostprocessing = 0;
		};
		A2949A61287BF6ED005E7508 /* Resources */ = {
			isa = PBXResourcesBuildPhase;
			buildActionMask = 2147483647;
			files = (
			);
			runOnlyForDeploymentPostprocessing = 0;
		};
/* End PBXResourcesBuildPhase section */

/* Begin PBXSourcesBuildPhase section */
		A2949A45287BF6EC005E7508 /* Sources */ = {
			isa = PBXSourcesBuildPhase;
			buildActionMask = 2147483647;
			files = (
				A2949A4F287BF6EC005E7508 /* ContentView.swift in Sources */,
				A2949A82287BF768005E7508 /* SoundPlayer.swift in Sources */,
				A2949A7C287BF72E005E7508 /* MovieView.swift in Sources */,
				A2949A7E287BF73B005E7508 /* ResultView.swift in Sources */,
				A2949A4D287BF6EC005E7508 /* combinetaskApp.swift in Sources */,
				A2949A80287BF755005E7508 /* ViewModel.swift in Sources */,
				A2949A7A287BF722005E7508 /* SelectView.swift in Sources */,
				A2949A84287BF772005E7508 /* Model.swift in Sources */,
			);
			runOnlyForDeploymentPostprocessing = 0;
		};
		A2949A55287BF6ED005E7508 /* Sources */ = {
			isa = PBXSourcesBuildPhase;
			buildActionMask = 2147483647;
			files = (
				A2949A5E287BF6ED005E7508 /* combinetaskTests.swift in Sources */,
			);
			runOnlyForDeploymentPostprocessing = 0;
		};
		A2949A5F287BF6ED005E7508 /* Sources */ = {
			isa = PBXSourcesBuildPhase;
			buildActionMask = 2147483647;
			files = (
				A2949A68287BF6ED005E7508 /* combinetaskUITests.swift in Sources */,
				A2949A6A287BF6ED005E7508 /* combinetaskUITestsLaunchTests.swift in Sources */,
			);
			runOnlyForDeploymentPostprocessing = 0;
		};
/* End PBXSourcesBuildPhase section */

/* Begin PBXTargetDependency section */
		A2949A5B287BF6ED005E7508 /* PBXTargetDependency */ = {
			isa = PBXTargetDependency;
			target = A2949A48287BF6EC005E7508 /* combinetask */;
			targetProxy = A2949A5A287BF6ED005E7508 /* PBXContainerItemProxy */;
		};
		A2949A65287BF6ED005E7508 /* PBXTargetDependency */ = {
			isa = PBXTargetDependency;
			target = A2949A48287BF6EC005E7508 /* combinetask */;
			targetProxy = A2949A64287BF6ED005E7508 /* PBXContainerItemProxy */;
		};
/* End PBXTargetDependency section */

/* Begin XCBuildConfiguration section */
		A2949A6B287BF6ED005E7508 /* Debug */ = {
			isa = XCBuildConfiguration;
			buildSettings = {
				ALWAYS_SEARCH_USER_PATHS = NO;
				CLANG_ANALYZER_NONNULL = YES;
				CLANG_ANALYZER_NUMBER_OBJECT_CONVERSION = YES_AGGRESSIVE;
				CLANG_CXX_LANGUAGE_STANDARD = "gnu++17";
				CLANG_ENABLE_MODULES = YES;
				CLANG_ENABLE_OBJC_ARC = YES;
				CLANG_ENABLE_OBJC_WEAK = YES;
				CLANG_WARN_BLOCK_CAPTURE_AUTORELEASING = YES;
				CLANG_WARN_BOOL_CONVERSION = YES;
				CLANG_WARN_COMMA = YES;
				CLANG_WARN_CONSTANT_CONVERSION = YES;
				CLANG_WARN_DEPRECATED_OBJC_IMPLEMENTATIONS = YES;
				CLANG_WARN_DIRECT_OBJC_ISA_USAGE = YES_ERROR;
				CLANG_WARN_DOCUMENTATION_COMMENTS = YES;
				CLANG_WARN_EMPTY_BODY = YES;
				CLANG_WARN_ENUM_CONVERSION = YES;
				CLANG_WARN_INFINITE_RECURSION = YES;
				CLANG_WARN_INT_CONVERSION = YES;
				CLANG_WARN_NON_LITERAL_NULL_CONVERSION = YES;
				CLANG_WARN_OBJC_IMPLICIT_RETAIN_SELF = YES;
				CLANG_WARN_OBJC_LITERAL_CONVERSION = YES;
				CLANG_WARN_OBJC_ROOT_CLASS = YES_ERROR;
				CLANG_WARN_QUOTED_INCLUDE_IN_FRAMEWORK_HEADER = YES;
				CLANG_WARN_RANGE_LOOP_ANALYSIS = YES;
				CLANG_WARN_STRICT_PROTOTYPES = YES;
				CLANG_WARN_SUSPICIOUS_MOVE = YES;
				CLANG_WARN_UNGUARDED_AVAILABILITY = YES_AGGRESSIVE;
				CLANG_WARN_UNREACHABLE_CODE = YES;
				CLANG_WARN__DUPLICATE_METHOD_MATCH = YES;
				COPY_PHASE_STRIP = NO;
				DEBUG_INFORMATION_FORMAT = dwarf;
				ENABLE_STRICT_OBJC_MSGSEND = YES;
				ENABLE_TESTABILITY = YES;
				GCC_C_LANGUAGE_STANDARD = gnu11;
				GCC_DYNAMIC_NO_PIC = NO;
				GCC_NO_COMMON_BLOCKS = YES;
				GCC_OPTIMIZATION_LEVEL = 0;
				GCC_PREPROCESSOR_DEFINITIONS = (
					"DEBUG=1",
					"$(inherited)",
				);
				GCC_WARN_64_TO_32_BIT_CONVERSION = YES;
				GCC_WARN_ABOUT_RETURN_TYPE = YES_ERROR;
				GCC_WARN_UNDECLARED_SELECTOR = YES;
				GCC_WARN_UNINITIALIZED_AUTOS = YES_AGGRESSIVE;
				GCC_WARN_UNUSED_FUNCTION = YES;
				GCC_WARN_UNUSED_VARIABLE = YES;
				IPHONEOS_DEPLOYMENT_TARGET = 15.4;
				MTL_ENABLE_DEBUG_INFO = INCLUDE_SOURCE;
				MTL_FAST_MATH = YES;
				ONLY_ACTIVE_ARCH = YES;
				SDKROOT = iphoneos;
				SWIFT_ACTIVE_COMPILATION_CONDITIONS = DEBUG;
				SWIFT_OPTIMIZATION_LEVEL = "-Onone";
			};
			name = Debug;
		};
		A2949A6C287BF6ED005E7508 /* Release */ = {
			isa = XCBuildConfiguration;
			buildSettings = {
				ALWAYS_SEARCH_USER_PATHS = NO;
				CLANG_ANALYZER_NONNULL = YES;
				CLANG_ANALYZER_NUMBER_OBJECT_CONVERSION = YES_AGGRESSIVE;
				CLANG_CXX_LANGUAGE_STANDARD = "gnu++17";
				CLANG_ENABLE_MODULES = YES;
				CLANG_ENABLE_OBJC_ARC = YES;
				CLANG_ENABLE_OBJC_WEAK = YES;
				CLANG_WARN_BLOCK_CAPTURE_AUTORELEASING = YES;
				CLANG_WARN_BOOL_CONVERSION = YES;
				CLANG_WARN_COMMA = YES;
				CLANG_WARN_CONSTANT_CONVERSION = YES;
				CLANG_WARN_DEPRECATED_OBJC_IMPLEMENTATIONS = YES;
				CLANG_WARN_DIRECT_OBJC_ISA_USAGE = YES_ERROR;
				CLANG_WARN_DOCUMENTATION_COMMENTS = YES;
				CLANG_WARN_EMPTY_BODY = YES;
				CLANG_WARN_ENUM_CONVERSION = YES;
				CLANG_WARN_INFINITE_RECURSION = YES;
				CLANG_WARN_INT_CONVERSION = YES;
				CLANG_WARN_NON_LITERAL_NULL_CONVERSION = YES;
				CLANG_WARN_OBJC_IMPLICIT_RETAIN_SELF = YES;
				CLANG_WARN_OBJC_LITERAL_CONVERSION = YES;
				CLANG_WARN_OBJC_ROOT_CLASS = YES_ERROR;
				CLANG_WARN_QUOTED_INCLUDE_IN_FRAMEWORK_HEADER = YES;
				CLANG_WARN_RANGE_LOOP_ANALYSIS = YES;
				CLANG_WARN_STRICT_PROTOTYPES = YES;
				CLANG_WARN_SUSPICIOUS_MOVE = YES;
				CLANG_WARN_UNGUARDED_AVAILABILITY = YES_AGGRESSIVE;
				CLANG_WARN_UNREACHABLE_CODE = YES;
				CLANG_WARN__DUPLICATE_METHOD_MATCH = YES;
				COPY_PHASE_STRIP = NO;
				DEBUG_INFORMATION_FORMAT = "dwarf-with-dsym";
				ENABLE_NS_ASSERTIONS = NO;
				ENABLE_STRICT_OBJC_MSGSEND = YES;
				GCC_C_LANGUAGE_STANDARD = gnu11;
				GCC_NO_COMMON_BLOCKS = YES;
				GCC_WARN_64_TO_32_BIT_CONVERSION = YES;
				GCC_WARN_ABOUT_RETURN_TYPE = YES_ERROR;
				GCC_WARN_UNDECLARED_SELECTOR = YES;
				GCC_WARN_UNINITIALIZED_AUTOS = YES_AGGRESSIVE;
				GCC_WARN_UNUSED_FUNCTION = YES;
				GCC_WARN_UNUSED_VARIABLE = YES;
				IPHONEOS_DEPLOYMENT_TARGET = 15.4;
				MTL_ENABLE_DEBUG_INFO = NO;
				MTL_FAST_MATH = YES;
				SDKROOT = iphoneos;
				SWIFT_COMPILATION_MODE = wholemodule;
				SWIFT_OPTIMIZATION_LEVEL = "-O";
				VALIDATE_PRODUCT = YES;
			};
			name = Release;
		};
		A2949A6E287BF6ED005E7508 /* Debug */ = {
			isa = XCBuildConfiguration;
			buildSettings = {
				ASSETCATALOG_COMPILER_APPICON_NAME = AppIcon;
				ASSETCATALOG_COMPILER_GLOBAL_ACCENT_COLOR_NAME = AccentColor;
				CODE_SIGN_STYLE = Automatic;
				CURRENT_PROJECT_VERSION = 1;
				DEVELOPMENT_ASSET_PATHS = "\"combinetask/Preview Content\"";
				DEVELOPMENT_TEAM = 74NHRQ5Z5D;
				ENABLE_PREVIEWS = YES;
				GENERATE_INFOPLIST_FILE = YES;
				INFOPLIST_KEY_UIApplicationSceneManifest_Generation = YES;
				INFOPLIST_KEY_UIApplicationSupportsIndirectInputEvents = YES;
				INFOPLIST_KEY_UILaunchScreen_Generation = YES;
				INFOPLIST_KEY_UISupportedInterfaceOrientations_iPad = "UIInterfaceOrientationPortrait UIInterfaceOrientationPortraitUpsideDown UIInterfaceOrientationLandscapeLeft UIInterfaceOrientationLandscapeRight";
				INFOPLIST_KEY_UISupportedInterfaceOrientations_iPhone = "UIInterfaceOrientationPortrait UIInterfaceOrientationLandscapeLeft UIInterfaceOrientationLandscapeRight";
				LD_RUNPATH_SEARCH_PATHS = (
					"$(inherited)",
					"@executable_path/Frameworks",
				);
				MARKETING_VERSION = 1.0;
				PRODUCT_BUNDLE_IDENTIFIER = jp.ac.jec.cm.shiraiyuuto.combinetask;
				PRODUCT_NAME = "$(TARGET_NAME)";
				SWIFT_EMIT_LOC_STRINGS = YES;
				SWIFT_VERSION = 5.0;
				TARGETED_DEVICE_FAMILY = "1,2";
			};
			name = Debug;
		};
		A2949A6F287BF6ED005E7508 /* Release */ = {
			isa = XCBuildConfiguration;
			buildSettings = {
				ASSETCATALOG_COMPILER_APPICON_NAME = AppIcon;
				ASSETCATALOG_COMPILER_GLOBAL_ACCENT_COLOR_NAME = AccentColor;
				CODE_SIGN_STYLE = Automatic;
				CURRENT_PROJECT_VERSION = 1;
				DEVELOPMENT_ASSET_PATHS = "\"combinetask/Preview Content\"";
				DEVELOPMENT_TEAM = 74NHRQ5Z5D;
				ENABLE_PREVIEWS = YES;
				GENERATE_INFOPLIST_FILE = YES;
				INFOPLIST_KEY_UIApplicationSceneManifest_Generation = YES;
				INFOPLIST_KEY_UIApplicationSupportsIndirectInputEvents = YES;
				INFOPLIST_KEY_UILaunchScreen_Generation = YES;
				INFOPLIST_KEY_UISupportedInterfaceOrientations_iPad = "UIInterfaceOrientationPortrait UIInterfaceOrientationPortraitUpsideDown UIInterfaceOrientationLandscapeLeft UIInterfaceOrientationLandscapeRight";
				INFOPLIST_KEY_UISupportedInterfaceOrientations_iPhone = "UIInterfaceOrientationPortrait UIInterfaceOrientationLandscapeLeft UIInterfaceOrientationLandscapeRight";
				LD_RUNPATH_SEARCH_PATHS = (
					"$(inherited)",
					"@executable_path/Frameworks",
				);
				MARKETING_VERSION = 1.0;
				PRODUCT_BUNDLE_IDENTIFIER = jp.ac.jec.cm.shiraiyuuto.combinetask;
				PRODUCT_NAME = "$(TARGET_NAME)";
				SWIFT_EMIT_LOC_STRINGS = YES;
				SWIFT_VERSION = 5.0;
				TARGETED_DEVICE_FAMILY = "1,2";
			};
			name = Release;
		};
		A2949A71287BF6ED005E7508 /* Debug */ = {
			isa = XCBuildConfiguration;
			buildSettings = {
				ALWAYS_EMBED_SWIFT_STANDARD_LIBRARIES = YES;
				BUNDLE_LOADER = "$(TEST_HOST)";
				CODE_SIGN_STYLE = Automatic;
				CURRENT_PROJECT_VERSION = 1;
				GENERATE_INFOPLIST_FILE = YES;
				IPHONEOS_DEPLOYMENT_TARGET = 15.4;
				MARKETING_VERSION = 1.0;
				PRODUCT_BUNDLE_IDENTIFIER = jp.ac.jec.cm.shiraiyuuto.combinetaskTests;
				PRODUCT_NAME = "$(TARGET_NAME)";
				SWIFT_EMIT_LOC_STRINGS = NO;
				SWIFT_VERSION = 5.0;
				TARGETED_DEVICE_FAMILY = "1,2";
				TEST_HOST = "$(BUILT_PRODUCTS_DIR)/combinetask.app/combinetask";
			};
			name = Debug;
		};
		A2949A72287BF6ED005E7508 /* Release */ = {
			isa = XCBuildConfiguration;
			buildSettings = {
				ALWAYS_EMBED_SWIFT_STANDARD_LIBRARIES = YES;
				BUNDLE_LOADER = "$(TEST_HOST)";
				CODE_SIGN_STYLE = Automatic;
				CURRENT_PROJECT_VERSION = 1;
				GENERATE_INFOPLIST_FILE = YES;
				IPHONEOS_DEPLOYMENT_TARGET = 15.4;
				MARKETING_VERSION = 1.0;
				PRODUCT_BUNDLE_IDENTIFIER = jp.ac.jec.cm.shiraiyuuto.combinetaskTests;
				PRODUCT_NAME = "$(TARGET_NAME)";
				SWIFT_EMIT_LOC_STRINGS = NO;
				SWIFT_VERSION = 5.0;
				TARGETED_DEVICE_FAMILY = "1,2";
				TEST_HOST = "$(BUILT_PRODUCTS_DIR)/combinetask.app/combinetask";
			};
			name = Release;
		};
		A2949A74287BF6ED005E7508 /* Debug */ = {
			isa = XCBuildConfiguration;
			buildSettings = {
				ALWAYS_EMBED_SWIFT_STANDARD_LIBRARIES = YES;
				CODE_SIGN_STYLE = Automatic;
				CURRENT_PROJECT_VERSION = 1;
				GENERATE_INFOPLIST_FILE = YES;
				MARKETING_VERSION = 1.0;
				PRODUCT_BUNDLE_IDENTIFIER = jp.ac.jec.cm.shiraiyuuto.combinetaskUITests;
				PRODUCT_NAME = "$(TARGET_NAME)";
				SWIFT_EMIT_LOC_STRINGS = NO;
				SWIFT_VERSION = 5.0;
				TARGETED_DEVICE_FAMILY = "1,2";
				TEST_TARGET_NAME = combinetask;
			};
			name = Debug;
		};
		A2949A75287BF6ED005E7508 /* Release */ = {
			isa = XCBuildConfiguration;
			buildSettings = {
				ALWAYS_EMBED_SWIFT_STANDARD_LIBRARIES = YES;
				CODE_SIGN_STYLE = Automatic;
				CURRENT_PROJECT_VERSION = 1;
				GENERATE_INFOPLIST_FILE = YES;
				MARKETING_VERSION = 1.0;
				PRODUCT_BUNDLE_IDENTIFIER = jp.ac.jec.cm.shiraiyuuto.combinetaskUITests;
				PRODUCT_NAME = "$(TARGET_NAME)";
				SWIFT_EMIT_LOC_STRINGS = NO;
				SWIFT_VERSION = 5.0;
				TARGETED_DEVICE_FAMILY = "1,2";
				TEST_TARGET_NAME = combinetask;
			};
			name = Release;
		};
/* End XCBuildConfiguration section */

/* Begin XCConfigurationList section */
		A2949A44287BF6EC005E7508 /* Build configuration list for PBXProject "combinetask" */ = {
			isa = XCConfigurationList;
			buildConfigurations = (
				A2949A6B287BF6ED005E7508 /* Debug */,
				A2949A6C287BF6ED005E7508 /* Release */,
			);
			defaultConfigurationIsVisible = 0;
			defaultConfigurationName = Release;
		};
		A2949A6D287BF6ED005E7508 /* Build configuration list for PBXNativeTarget "combinetask" */ = {
			isa = XCConfigurationList;
			buildConfigurations = (
				A2949A6E287BF6ED005E7508 /* Debug */,
				A2949A6F287BF6ED005E7508 /* Release */,
			);
			defaultConfigurationIsVisible = 0;
			defaultConfigurationName = Release;
		};
		A2949A70287BF6ED005E7508 /* Build configuration list for PBXNativeTarget "combinetaskTests" */ = {
			isa = XCConfigurationList;
			buildConfigurations = (
				A2949A71287BF6ED005E7508 /* Debug */,
				A2949A72287BF6ED005E7508 /* Release */,
			);
			defaultConfigurationIsVisible = 0;
			defaultConfigurationName = Release;
		};
		A2949A73287BF6ED005E7508 /* Build configuration list for PBXNativeTarget "combinetaskUITests" */ = {
			isa = XCConfigurationList;
			buildConfigurations = (
				A2949A74287BF6ED005E7508 /* Debug */,
				A2949A75287BF6ED005E7508 /* Release */,
			);
			defaultConfigurationIsVisible = 0;
			defaultConfigurationName = Release;
		};
/* End XCConfigurationList section */
	};
	rootObject = A2949A41287BF6EC005E7508 /* Project object */;
}
